
Microsoft Visual Studio Solution File, Format Version 12.00
# Visual Studio Version 16
VisualStudioVersion = 16.0.30011.22
MinimumVisualStudioVersion = 10.0.40219.1
Project("{FAE04EC0-301F-11D3-BF4B-00C04F79EFBC}") = "QUETE_Event", "QUETE_Event.csproj", "{F598D268-E354-4965-B4A0-A582FB6E56EC}"
EndProject
Global
	GlobalSection(SolutionConfigurationPlatforms) = preSolution
		Debug|Any CPU = Debug|Any CPU
		Release|Any CPU = Release|Any CPU
	EndGlobalSection
	GlobalSection(ProjectConfigurationPlatforms) = postSolution
		{F598D268-E354-4965-B4A0-A582FB6E56EC}.Debug|Any CPU.ActiveCfg = Debug|Any CPU
		{F598D268-E354-4965-B4A0-A582FB6E56EC}.Debug|Any CPU.Build.0 = Debug|Any CPU
		{F598D268-E354-4965-B4A0-A582FB6E56EC}.Release|Any CPU.ActiveCfg = Release|Any CPU
		{F598D268-E354-4965-B4A0-A582FB6E56EC}.Release|Any CPU.Build.0 = Release|Any CPU
	EndGlobalSection
	GlobalSection(SolutionProperties) = preSolution
		HideSolutionNode = FALSE
	EndGlobalSection
	GlobalSection(ExtensibilityGlobals) = postSolution
		SolutionGuid = {764C64EC-04C5-43D7-B849-5D256A8CD461}
	EndGlobalSection
EndGlobal
